
Microsoft Visual Studio Solution File, Format Version 12.00
# Visual Studio Version 16
VisualStudioVersion = 16.0.30611.23
MinimumVisualStudioVersion = 10.0.40219.1
Project("{8BC9CEB8-8B4A-11D0-8D11-00A0C91BC942}") = "Project328", "Project328.vcxproj", "{636DD48E-0C29-4A81-93EE-00A2BA9F30FD}"
EndProject
Global
	GlobalSection(SolutionConfigurationPlatforms) = preSolution
		Debug|x64 = Debug|x64
		Debug|x86 = Debug|x86
		Release|x64 = Release|x64
		Release|x86 = Release|x86
	EndGlobalSection
	GlobalSection(ProjectConfigurationPlatforms) = postSolution
		{636DD48E-0C29-4A81-93EE-00A2BA9F30FD}.Debug|x64.ActiveCfg = Debug|x64
		{636DD48E-0C29-4A81-93EE-00A2BA9F30FD}.Debug|x64.Build.0 = Debug|x64
		{636DD48E-0C29-4A81-93EE-00A2BA9F30FD}.Debug|x86.ActiveCfg = Debug|Win32
		{636DD48E-0C29-4A81-93EE-00A2BA9F30FD}.Debug|x86.Build.0 = Debug|Win32
		{636DD48E-0C29-4A81-93EE-00A2BA9F30FD}.Release|x64.ActiveCfg = Release|x64
		{636DD48E-0C29-4A81-93EE-00A2BA9F30FD}.Release|x64.Build.0 = Release|x64
		{636DD48E-0C29-4A81-93EE-00A2BA9F30FD}.Release|x86.ActiveCfg = Release|Win32
		{636DD48E-0C29-4A81-93EE-00A2BA9F30FD}.Release|x86.Build.0 = Release|Win32
	EndGlobalSection
	GlobalSection(SolutionProperties) = preSolution
		HideSolutionNode = FALSE
	EndGlobalSection
	GlobalSection(ExtensibilityGlobals) = postSolution
		SolutionGuid = {150D9479-E32D-4CD1-B879-5C3798C2D535}
	EndGlobalSection
EndGlobal
