
Microsoft Visual Studio Solution File, Format Version 12.00
# Visual Studio Version 16
VisualStudioVersion = 16.0.30611.23
MinimumVisualStudioVersion = 10.0.40219.1
Project("{8BC9CEB8-8B4A-11D0-8D11-00A0C91BC942}") = "Project42", "Project42.vcxproj", "{C689F511-112F-4D44-8501-C092B9689350}"
EndProject
Global
	GlobalSection(SolutionConfigurationPlatforms) = preSolution
		Debug|x64 = Debug|x64
		Debug|x86 = Debug|x86
		Release|x64 = Release|x64
		Release|x86 = Release|x86
	EndGlobalSection
	GlobalSection(ProjectConfigurationPlatforms) = postSolution
		{C689F511-112F-4D44-8501-C092B9689350}.Debug|x64.ActiveCfg = Debug|x64
		{C689F511-112F-4D44-8501-C092B9689350}.Debug|x64.Build.0 = Debug|x64
		{C689F511-112F-4D44-8501-C092B9689350}.Debug|x86.ActiveCfg = Debug|Win32
		{C689F511-112F-4D44-8501-C092B9689350}.Debug|x86.Build.0 = Debug|Win32
		{C689F511-112F-4D44-8501-C092B9689350}.Release|x64.ActiveCfg = Release|x64
		{C689F511-112F-4D44-8501-C092B9689350}.Release|x64.Build.0 = Release|x64
		{C689F511-112F-4D44-8501-C092B9689350}.Release|x86.ActiveCfg = Release|Win32
		{C689F511-112F-4D44-8501-C092B9689350}.Release|x86.Build.0 = Release|Win32
	EndGlobalSection
	GlobalSection(SolutionProperties) = preSolution
		HideSolutionNode = FALSE
	EndGlobalSection
	GlobalSection(ExtensibilityGlobals) = postSolution
		SolutionGuid = {371B0F3B-2170-420A-A0C2-1DB69C4D94F0}
	EndGlobalSection
EndGlobal
