
Microsoft Visual Studio Solution File, Format Version 12.00
# Visual Studio Version 16
VisualStudioVersion = 16.0.30611.23
MinimumVisualStudioVersion = 10.0.40219.1
Project("{8BC9CEB8-8B4A-11D0-8D11-00A0C91BC942}") = "Project322", "Project322.vcxproj", "{BFF4A086-425E-465C-BD8C-EA0ABC564291}"
EndProject
Global
	GlobalSection(SolutionConfigurationPlatforms) = preSolution
		Debug|x64 = Debug|x64
		Debug|x86 = Debug|x86
		Release|x64 = Release|x64
		Release|x86 = Release|x86
	EndGlobalSection
	GlobalSection(ProjectConfigurationPlatforms) = postSolution
		{BFF4A086-425E-465C-BD8C-EA0ABC564291}.Debug|x64.ActiveCfg = Debug|x64
		{BFF4A086-425E-465C-BD8C-EA0ABC564291}.Debug|x64.Build.0 = Debug|x64
		{BFF4A086-425E-465C-BD8C-EA0ABC564291}.Debug|x86.ActiveCfg = Debug|Win32
		{BFF4A086-425E-465C-BD8C-EA0ABC564291}.Debug|x86.Build.0 = Debug|Win32
		{BFF4A086-425E-465C-BD8C-EA0ABC564291}.Release|x64.ActiveCfg = Release|x64
		{BFF4A086-425E-465C-BD8C-EA0ABC564291}.Release|x64.Build.0 = Release|x64
		{BFF4A086-425E-465C-BD8C-EA0ABC564291}.Release|x86.ActiveCfg = Release|Win32
		{BFF4A086-425E-465C-BD8C-EA0ABC564291}.Release|x86.Build.0 = Release|Win32
	EndGlobalSection
	GlobalSection(SolutionProperties) = preSolution
		HideSolutionNode = FALSE
	EndGlobalSection
	GlobalSection(ExtensibilityGlobals) = postSolution
		SolutionGuid = {48815573-806A-4914-B2E4-9919DCE6FFD1}
	EndGlobalSection
EndGlobal
