
Microsoft Visual Studio Solution File, Format Version 12.00
# Visual Studio Version 16
VisualStudioVersion = 16.0.30611.23
MinimumVisualStudioVersion = 10.0.40219.1
Project("{8BC9CEB8-8B4A-11D0-8D11-00A0C91BC942}") = "Project476", "Project476.vcxproj", "{2AD02A76-8922-44D7-9748-C9E03EC0E38F}"
EndProject
Global
	GlobalSection(SolutionConfigurationPlatforms) = preSolution
		Debug|x64 = Debug|x64
		Debug|x86 = Debug|x86
		Release|x64 = Release|x64
		Release|x86 = Release|x86
	EndGlobalSection
	GlobalSection(ProjectConfigurationPlatforms) = postSolution
		{2AD02A76-8922-44D7-9748-C9E03EC0E38F}.Debug|x64.ActiveCfg = Debug|x64
		{2AD02A76-8922-44D7-9748-C9E03EC0E38F}.Debug|x64.Build.0 = Debug|x64
		{2AD02A76-8922-44D7-9748-C9E03EC0E38F}.Debug|x86.ActiveCfg = Debug|Win32
		{2AD02A76-8922-44D7-9748-C9E03EC0E38F}.Debug|x86.Build.0 = Debug|Win32
		{2AD02A76-8922-44D7-9748-C9E03EC0E38F}.Release|x64.ActiveCfg = Release|x64
		{2AD02A76-8922-44D7-9748-C9E03EC0E38F}.Release|x64.Build.0 = Release|x64
		{2AD02A76-8922-44D7-9748-C9E03EC0E38F}.Release|x86.ActiveCfg = Release|Win32
		{2AD02A76-8922-44D7-9748-C9E03EC0E38F}.Release|x86.Build.0 = Release|Win32
	EndGlobalSection
	GlobalSection(SolutionProperties) = preSolution
		HideSolutionNode = FALSE
	EndGlobalSection
	GlobalSection(ExtensibilityGlobals) = postSolution
		SolutionGuid = {72EFE4D2-CB14-40D2-930C-A985E23DDBFF}
	EndGlobalSection
EndGlobal
