
Microsoft Visual Studio Solution File, Format Version 12.00
# Visual Studio Version 16
VisualStudioVersion = 16.0.30611.23
MinimumVisualStudioVersion = 10.0.40219.1
Project("{8BC9CEB8-8B4A-11D0-8D11-00A0C91BC942}") = "Project512", "Project512.vcxproj", "{A2936A25-0356-46C4-919D-DD098CA0D159}"
EndProject
Global
	GlobalSection(SolutionConfigurationPlatforms) = preSolution
		Debug|x64 = Debug|x64
		Debug|x86 = Debug|x86
		Release|x64 = Release|x64
		Release|x86 = Release|x86
	EndGlobalSection
	GlobalSection(ProjectConfigurationPlatforms) = postSolution
		{A2936A25-0356-46C4-919D-DD098CA0D159}.Debug|x64.ActiveCfg = Debug|x64
		{A2936A25-0356-46C4-919D-DD098CA0D159}.Debug|x64.Build.0 = Debug|x64
		{A2936A25-0356-46C4-919D-DD098CA0D159}.Debug|x86.ActiveCfg = Debug|Win32
		{A2936A25-0356-46C4-919D-DD098CA0D159}.Debug|x86.Build.0 = Debug|Win32
		{A2936A25-0356-46C4-919D-DD098CA0D159}.Release|x64.ActiveCfg = Release|x64
		{A2936A25-0356-46C4-919D-DD098CA0D159}.Release|x64.Build.0 = Release|x64
		{A2936A25-0356-46C4-919D-DD098CA0D159}.Release|x86.ActiveCfg = Release|Win32
		{A2936A25-0356-46C4-919D-DD098CA0D159}.Release|x86.Build.0 = Release|Win32
	EndGlobalSection
	GlobalSection(SolutionProperties) = preSolution
		HideSolutionNode = FALSE
	EndGlobalSection
	GlobalSection(ExtensibilityGlobals) = postSolution
		SolutionGuid = {B51078C3-23F2-4B24-8971-522540E5C43C}
	EndGlobalSection
EndGlobal
