
Microsoft Visual Studio Solution File, Format Version 12.00
# Visual Studio Version 16
VisualStudioVersion = 16.0.30611.23
MinimumVisualStudioVersion = 10.0.40219.1
Project("{8BC9CEB8-8B4A-11D0-8D11-00A0C91BC942}") = "Project236", "Project236.vcxproj", "{D836EEA2-E1B6-4585-BD4B-CC8DDFB1C086}"
EndProject
Global
	GlobalSection(SolutionConfigurationPlatforms) = preSolution
		Debug|x64 = Debug|x64
		Debug|x86 = Debug|x86
		Release|x64 = Release|x64
		Release|x86 = Release|x86
	EndGlobalSection
	GlobalSection(ProjectConfigurationPlatforms) = postSolution
		{D836EEA2-E1B6-4585-BD4B-CC8DDFB1C086}.Debug|x64.ActiveCfg = Debug|x64
		{D836EEA2-E1B6-4585-BD4B-CC8DDFB1C086}.Debug|x64.Build.0 = Debug|x64
		{D836EEA2-E1B6-4585-BD4B-CC8DDFB1C086}.Debug|x86.ActiveCfg = Debug|Win32
		{D836EEA2-E1B6-4585-BD4B-CC8DDFB1C086}.Debug|x86.Build.0 = Debug|Win32
		{D836EEA2-E1B6-4585-BD4B-CC8DDFB1C086}.Release|x64.ActiveCfg = Release|x64
		{D836EEA2-E1B6-4585-BD4B-CC8DDFB1C086}.Release|x64.Build.0 = Release|x64
		{D836EEA2-E1B6-4585-BD4B-CC8DDFB1C086}.Release|x86.ActiveCfg = Release|Win32
		{D836EEA2-E1B6-4585-BD4B-CC8DDFB1C086}.Release|x86.Build.0 = Release|Win32
	EndGlobalSection
	GlobalSection(SolutionProperties) = preSolution
		HideSolutionNode = FALSE
	EndGlobalSection
	GlobalSection(ExtensibilityGlobals) = postSolution
		SolutionGuid = {05C72843-25ED-4D72-95C9-A38FE254DFDA}
	EndGlobalSection
EndGlobal
