
Microsoft Visual Studio Solution File, Format Version 12.00
# Visual Studio Version 16
VisualStudioVersion = 16.0.30523.141
MinimumVisualStudioVersion = 10.0.40219.1
Project("{8BC9CEB8-8B4A-11D0-8D11-00A0C91BC942}") = "Project17", "Project17.vcxproj", "{F5F55391-EA40-4D21-BDBF-4E1AAB060278}"
EndProject
Global
	GlobalSection(SolutionConfigurationPlatforms) = preSolution
		Debug|x64 = Debug|x64
		Debug|x86 = Debug|x86
		Release|x64 = Release|x64
		Release|x86 = Release|x86
	EndGlobalSection
	GlobalSection(ProjectConfigurationPlatforms) = postSolution
		{F5F55391-EA40-4D21-BDBF-4E1AAB060278}.Debug|x64.ActiveCfg = Debug|x64
		{F5F55391-EA40-4D21-BDBF-4E1AAB060278}.Debug|x64.Build.0 = Debug|x64
		{F5F55391-EA40-4D21-BDBF-4E1AAB060278}.Debug|x86.ActiveCfg = Debug|Win32
		{F5F55391-EA40-4D21-BDBF-4E1AAB060278}.Debug|x86.Build.0 = Debug|Win32
		{F5F55391-EA40-4D21-BDBF-4E1AAB060278}.Release|x64.ActiveCfg = Release|x64
		{F5F55391-EA40-4D21-BDBF-4E1AAB060278}.Release|x64.Build.0 = Release|x64
		{F5F55391-EA40-4D21-BDBF-4E1AAB060278}.Release|x86.ActiveCfg = Release|Win32
		{F5F55391-EA40-4D21-BDBF-4E1AAB060278}.Release|x86.Build.0 = Release|Win32
	EndGlobalSection
	GlobalSection(SolutionProperties) = preSolution
		HideSolutionNode = FALSE
	EndGlobalSection
	GlobalSection(ExtensibilityGlobals) = postSolution
		SolutionGuid = {CAC4B0FB-A7D8-4420-A752-29375C6FFB81}
	EndGlobalSection
EndGlobal
