
Microsoft Visual Studio Solution File, Format Version 12.00
# Visual Studio Version 16
VisualStudioVersion = 16.0.30611.23
MinimumVisualStudioVersion = 10.0.40219.1
Project("{8BC9CEB8-8B4A-11D0-8D11-00A0C91BC942}") = "Project573", "Project573.vcxproj", "{ACFA4D4E-3A14-419A-8702-7912C3AEE218}"
EndProject
Global
	GlobalSection(SolutionConfigurationPlatforms) = preSolution
		Debug|x64 = Debug|x64
		Debug|x86 = Debug|x86
		Release|x64 = Release|x64
		Release|x86 = Release|x86
	EndGlobalSection
	GlobalSection(ProjectConfigurationPlatforms) = postSolution
		{ACFA4D4E-3A14-419A-8702-7912C3AEE218}.Debug|x64.ActiveCfg = Debug|x64
		{ACFA4D4E-3A14-419A-8702-7912C3AEE218}.Debug|x64.Build.0 = Debug|x64
		{ACFA4D4E-3A14-419A-8702-7912C3AEE218}.Debug|x86.ActiveCfg = Debug|Win32
		{ACFA4D4E-3A14-419A-8702-7912C3AEE218}.Debug|x86.Build.0 = Debug|Win32
		{ACFA4D4E-3A14-419A-8702-7912C3AEE218}.Release|x64.ActiveCfg = Release|x64
		{ACFA4D4E-3A14-419A-8702-7912C3AEE218}.Release|x64.Build.0 = Release|x64
		{ACFA4D4E-3A14-419A-8702-7912C3AEE218}.Release|x86.ActiveCfg = Release|Win32
		{ACFA4D4E-3A14-419A-8702-7912C3AEE218}.Release|x86.Build.0 = Release|Win32
	EndGlobalSection
	GlobalSection(SolutionProperties) = preSolution
		HideSolutionNode = FALSE
	EndGlobalSection
	GlobalSection(ExtensibilityGlobals) = postSolution
		SolutionGuid = {9C4C44C9-6D31-4555-9310-0AA52F4EE552}
	EndGlobalSection
EndGlobal
