
Microsoft Visual Studio Solution File, Format Version 12.00
# Visual Studio Version 16
VisualStudioVersion = 16.0.30611.23
MinimumVisualStudioVersion = 10.0.40219.1
Project("{8BC9CEB8-8B4A-11D0-8D11-00A0C91BC942}") = "Project338", "Project338.vcxproj", "{F7893AD0-2415-4E59-8E27-04147D363745}"
EndProject
Global
	GlobalSection(SolutionConfigurationPlatforms) = preSolution
		Debug|x64 = Debug|x64
		Debug|x86 = Debug|x86
		Release|x64 = Release|x64
		Release|x86 = Release|x86
	EndGlobalSection
	GlobalSection(ProjectConfigurationPlatforms) = postSolution
		{F7893AD0-2415-4E59-8E27-04147D363745}.Debug|x64.ActiveCfg = Debug|x64
		{F7893AD0-2415-4E59-8E27-04147D363745}.Debug|x64.Build.0 = Debug|x64
		{F7893AD0-2415-4E59-8E27-04147D363745}.Debug|x86.ActiveCfg = Debug|Win32
		{F7893AD0-2415-4E59-8E27-04147D363745}.Debug|x86.Build.0 = Debug|Win32
		{F7893AD0-2415-4E59-8E27-04147D363745}.Release|x64.ActiveCfg = Release|x64
		{F7893AD0-2415-4E59-8E27-04147D363745}.Release|x64.Build.0 = Release|x64
		{F7893AD0-2415-4E59-8E27-04147D363745}.Release|x86.ActiveCfg = Release|Win32
		{F7893AD0-2415-4E59-8E27-04147D363745}.Release|x86.Build.0 = Release|Win32
	EndGlobalSection
	GlobalSection(SolutionProperties) = preSolution
		HideSolutionNode = FALSE
	EndGlobalSection
	GlobalSection(ExtensibilityGlobals) = postSolution
		SolutionGuid = {320AF513-DFF3-4B3D-9BF0-12E71D007B74}
	EndGlobalSection
EndGlobal
