
Microsoft Visual Studio Solution File, Format Version 12.00
# Visual Studio Version 16
VisualStudioVersion = 16.0.30611.23
MinimumVisualStudioVersion = 10.0.40219.1
Project("{8BC9CEB8-8B4A-11D0-8D11-00A0C91BC942}") = "Project259", "Project259.vcxproj", "{D46350C3-D8CC-457E-ABE9-5C87A9238928}"
EndProject
Global
	GlobalSection(SolutionConfigurationPlatforms) = preSolution
		Debug|x64 = Debug|x64
		Debug|x86 = Debug|x86
		Release|x64 = Release|x64
		Release|x86 = Release|x86
	EndGlobalSection
	GlobalSection(ProjectConfigurationPlatforms) = postSolution
		{D46350C3-D8CC-457E-ABE9-5C87A9238928}.Debug|x64.ActiveCfg = Debug|x64
		{D46350C3-D8CC-457E-ABE9-5C87A9238928}.Debug|x64.Build.0 = Debug|x64
		{D46350C3-D8CC-457E-ABE9-5C87A9238928}.Debug|x86.ActiveCfg = Debug|Win32
		{D46350C3-D8CC-457E-ABE9-5C87A9238928}.Debug|x86.Build.0 = Debug|Win32
		{D46350C3-D8CC-457E-ABE9-5C87A9238928}.Release|x64.ActiveCfg = Release|x64
		{D46350C3-D8CC-457E-ABE9-5C87A9238928}.Release|x64.Build.0 = Release|x64
		{D46350C3-D8CC-457E-ABE9-5C87A9238928}.Release|x86.ActiveCfg = Release|Win32
		{D46350C3-D8CC-457E-ABE9-5C87A9238928}.Release|x86.Build.0 = Release|Win32
	EndGlobalSection
	GlobalSection(SolutionProperties) = preSolution
		HideSolutionNode = FALSE
	EndGlobalSection
	GlobalSection(ExtensibilityGlobals) = postSolution
		SolutionGuid = {3C88744C-E708-4CE3-AC30-5954FC823813}
	EndGlobalSection
EndGlobal
