
Microsoft Visual Studio Solution File, Format Version 12.00
# Visual Studio Version 16
VisualStudioVersion = 16.0.30611.23
MinimumVisualStudioVersion = 10.0.40219.1
Project("{8BC9CEB8-8B4A-11D0-8D11-00A0C91BC942}") = "Project628", "Project628.vcxproj", "{661A1000-3653-44FF-9E87-F9E5AD4A95AE}"
EndProject
Global
	GlobalSection(SolutionConfigurationPlatforms) = preSolution
		Debug|x64 = Debug|x64
		Debug|x86 = Debug|x86
		Release|x64 = Release|x64
		Release|x86 = Release|x86
	EndGlobalSection
	GlobalSection(ProjectConfigurationPlatforms) = postSolution
		{661A1000-3653-44FF-9E87-F9E5AD4A95AE}.Debug|x64.ActiveCfg = Debug|x64
		{661A1000-3653-44FF-9E87-F9E5AD4A95AE}.Debug|x64.Build.0 = Debug|x64
		{661A1000-3653-44FF-9E87-F9E5AD4A95AE}.Debug|x86.ActiveCfg = Debug|Win32
		{661A1000-3653-44FF-9E87-F9E5AD4A95AE}.Debug|x86.Build.0 = Debug|Win32
		{661A1000-3653-44FF-9E87-F9E5AD4A95AE}.Release|x64.ActiveCfg = Release|x64
		{661A1000-3653-44FF-9E87-F9E5AD4A95AE}.Release|x64.Build.0 = Release|x64
		{661A1000-3653-44FF-9E87-F9E5AD4A95AE}.Release|x86.ActiveCfg = Release|Win32
		{661A1000-3653-44FF-9E87-F9E5AD4A95AE}.Release|x86.Build.0 = Release|Win32
	EndGlobalSection
	GlobalSection(SolutionProperties) = preSolution
		HideSolutionNode = FALSE
	EndGlobalSection
	GlobalSection(ExtensibilityGlobals) = postSolution
		SolutionGuid = {95491904-6C26-45B5-ACA7-05CC6D66A5EE}
	EndGlobalSection
EndGlobal
