
Microsoft Visual Studio Solution File, Format Version 12.00
# Visual Studio Version 16
VisualStudioVersion = 16.0.30611.23
MinimumVisualStudioVersion = 10.0.40219.1
Project("{8BC9CEB8-8B4A-11D0-8D11-00A0C91BC942}") = "Project202", "Project202.vcxproj", "{456B4463-69AE-4877-A6A2-1E40B55F0247}"
EndProject
Global
	GlobalSection(SolutionConfigurationPlatforms) = preSolution
		Debug|x64 = Debug|x64
		Debug|x86 = Debug|x86
		Release|x64 = Release|x64
		Release|x86 = Release|x86
	EndGlobalSection
	GlobalSection(ProjectConfigurationPlatforms) = postSolution
		{456B4463-69AE-4877-A6A2-1E40B55F0247}.Debug|x64.ActiveCfg = Debug|x64
		{456B4463-69AE-4877-A6A2-1E40B55F0247}.Debug|x64.Build.0 = Debug|x64
		{456B4463-69AE-4877-A6A2-1E40B55F0247}.Debug|x86.ActiveCfg = Debug|Win32
		{456B4463-69AE-4877-A6A2-1E40B55F0247}.Debug|x86.Build.0 = Debug|Win32
		{456B4463-69AE-4877-A6A2-1E40B55F0247}.Release|x64.ActiveCfg = Release|x64
		{456B4463-69AE-4877-A6A2-1E40B55F0247}.Release|x64.Build.0 = Release|x64
		{456B4463-69AE-4877-A6A2-1E40B55F0247}.Release|x86.ActiveCfg = Release|Win32
		{456B4463-69AE-4877-A6A2-1E40B55F0247}.Release|x86.Build.0 = Release|Win32
	EndGlobalSection
	GlobalSection(SolutionProperties) = preSolution
		HideSolutionNode = FALSE
	EndGlobalSection
	GlobalSection(ExtensibilityGlobals) = postSolution
		SolutionGuid = {935F3828-8191-4263-ACC5-D27FC3FBBC7A}
	EndGlobalSection
EndGlobal
