
Microsoft Visual Studio Solution File, Format Version 12.00
# Visual Studio Version 16
VisualStudioVersion = 16.0.30611.23
MinimumVisualStudioVersion = 10.0.40219.1
Project("{8BC9CEB8-8B4A-11D0-8D11-00A0C91BC942}") = "Project660", "Project660.vcxproj", "{911BF255-3D85-4153-A70F-B31184F27AF5}"
EndProject
Global
	GlobalSection(SolutionConfigurationPlatforms) = preSolution
		Debug|x64 = Debug|x64
		Debug|x86 = Debug|x86
		Release|x64 = Release|x64
		Release|x86 = Release|x86
	EndGlobalSection
	GlobalSection(ProjectConfigurationPlatforms) = postSolution
		{911BF255-3D85-4153-A70F-B31184F27AF5}.Debug|x64.ActiveCfg = Debug|x64
		{911BF255-3D85-4153-A70F-B31184F27AF5}.Debug|x64.Build.0 = Debug|x64
		{911BF255-3D85-4153-A70F-B31184F27AF5}.Debug|x86.ActiveCfg = Debug|Win32
		{911BF255-3D85-4153-A70F-B31184F27AF5}.Debug|x86.Build.0 = Debug|Win32
		{911BF255-3D85-4153-A70F-B31184F27AF5}.Release|x64.ActiveCfg = Release|x64
		{911BF255-3D85-4153-A70F-B31184F27AF5}.Release|x64.Build.0 = Release|x64
		{911BF255-3D85-4153-A70F-B31184F27AF5}.Release|x86.ActiveCfg = Release|Win32
		{911BF255-3D85-4153-A70F-B31184F27AF5}.Release|x86.Build.0 = Release|Win32
	EndGlobalSection
	GlobalSection(SolutionProperties) = preSolution
		HideSolutionNode = FALSE
	EndGlobalSection
	GlobalSection(ExtensibilityGlobals) = postSolution
		SolutionGuid = {E5DAFC3F-8FAF-4E72-BBE2-8B239F55B644}
	EndGlobalSection
EndGlobal
