
Microsoft Visual Studio Solution File, Format Version 12.00
# Visual Studio Version 16
VisualStudioVersion = 16.0.30611.23
MinimumVisualStudioVersion = 10.0.40219.1
Project("{8BC9CEB8-8B4A-11D0-8D11-00A0C91BC942}") = "Project300", "Project300.vcxproj", "{89368884-3BFD-4F87-82C0-DC095D08A61F}"
EndProject
Global
	GlobalSection(SolutionConfigurationPlatforms) = preSolution
		Debug|x64 = Debug|x64
		Debug|x86 = Debug|x86
		Release|x64 = Release|x64
		Release|x86 = Release|x86
	EndGlobalSection
	GlobalSection(ProjectConfigurationPlatforms) = postSolution
		{89368884-3BFD-4F87-82C0-DC095D08A61F}.Debug|x64.ActiveCfg = Debug|x64
		{89368884-3BFD-4F87-82C0-DC095D08A61F}.Debug|x64.Build.0 = Debug|x64
		{89368884-3BFD-4F87-82C0-DC095D08A61F}.Debug|x86.ActiveCfg = Debug|Win32
		{89368884-3BFD-4F87-82C0-DC095D08A61F}.Debug|x86.Build.0 = Debug|Win32
		{89368884-3BFD-4F87-82C0-DC095D08A61F}.Release|x64.ActiveCfg = Release|x64
		{89368884-3BFD-4F87-82C0-DC095D08A61F}.Release|x64.Build.0 = Release|x64
		{89368884-3BFD-4F87-82C0-DC095D08A61F}.Release|x86.ActiveCfg = Release|Win32
		{89368884-3BFD-4F87-82C0-DC095D08A61F}.Release|x86.Build.0 = Release|Win32
	EndGlobalSection
	GlobalSection(SolutionProperties) = preSolution
		HideSolutionNode = FALSE
	EndGlobalSection
	GlobalSection(ExtensibilityGlobals) = postSolution
		SolutionGuid = {1312DF0B-C99D-4BA6-AB87-195753A19532}
	EndGlobalSection
EndGlobal
