
Microsoft Visual Studio Solution File, Format Version 12.00
# Visual Studio Version 16
VisualStudioVersion = 16.0.30611.23
MinimumVisualStudioVersion = 10.0.40219.1
Project("{8BC9CEB8-8B4A-11D0-8D11-00A0C91BC942}") = "Project491", "Project491.vcxproj", "{009958D4-EE63-4DC7-914C-F85DDA80DB78}"
EndProject
Global
	GlobalSection(SolutionConfigurationPlatforms) = preSolution
		Debug|x64 = Debug|x64
		Debug|x86 = Debug|x86
		Release|x64 = Release|x64
		Release|x86 = Release|x86
	EndGlobalSection
	GlobalSection(ProjectConfigurationPlatforms) = postSolution
		{009958D4-EE63-4DC7-914C-F85DDA80DB78}.Debug|x64.ActiveCfg = Debug|x64
		{009958D4-EE63-4DC7-914C-F85DDA80DB78}.Debug|x64.Build.0 = Debug|x64
		{009958D4-EE63-4DC7-914C-F85DDA80DB78}.Debug|x86.ActiveCfg = Debug|Win32
		{009958D4-EE63-4DC7-914C-F85DDA80DB78}.Debug|x86.Build.0 = Debug|Win32
		{009958D4-EE63-4DC7-914C-F85DDA80DB78}.Release|x64.ActiveCfg = Release|x64
		{009958D4-EE63-4DC7-914C-F85DDA80DB78}.Release|x64.Build.0 = Release|x64
		{009958D4-EE63-4DC7-914C-F85DDA80DB78}.Release|x86.ActiveCfg = Release|Win32
		{009958D4-EE63-4DC7-914C-F85DDA80DB78}.Release|x86.Build.0 = Release|Win32
	EndGlobalSection
	GlobalSection(SolutionProperties) = preSolution
		HideSolutionNode = FALSE
	EndGlobalSection
	GlobalSection(ExtensibilityGlobals) = postSolution
		SolutionGuid = {197E7720-0B6A-494A-87AA-3B2D6B44DC6A}
	EndGlobalSection
EndGlobal
