
Microsoft Visual Studio Solution File, Format Version 12.00
# Visual Studio Version 16
VisualStudioVersion = 16.0.30611.23
MinimumVisualStudioVersion = 10.0.40219.1
Project("{8BC9CEB8-8B4A-11D0-8D11-00A0C91BC942}") = "Project643", "Project643.vcxproj", "{206232CC-BAF9-48F2-ADDF-520DD4E41EF1}"
EndProject
Global
	GlobalSection(SolutionConfigurationPlatforms) = preSolution
		Debug|x64 = Debug|x64
		Debug|x86 = Debug|x86
		Release|x64 = Release|x64
		Release|x86 = Release|x86
	EndGlobalSection
	GlobalSection(ProjectConfigurationPlatforms) = postSolution
		{206232CC-BAF9-48F2-ADDF-520DD4E41EF1}.Debug|x64.ActiveCfg = Debug|x64
		{206232CC-BAF9-48F2-ADDF-520DD4E41EF1}.Debug|x64.Build.0 = Debug|x64
		{206232CC-BAF9-48F2-ADDF-520DD4E41EF1}.Debug|x86.ActiveCfg = Debug|Win32
		{206232CC-BAF9-48F2-ADDF-520DD4E41EF1}.Debug|x86.Build.0 = Debug|Win32
		{206232CC-BAF9-48F2-ADDF-520DD4E41EF1}.Release|x64.ActiveCfg = Release|x64
		{206232CC-BAF9-48F2-ADDF-520DD4E41EF1}.Release|x64.Build.0 = Release|x64
		{206232CC-BAF9-48F2-ADDF-520DD4E41EF1}.Release|x86.ActiveCfg = Release|Win32
		{206232CC-BAF9-48F2-ADDF-520DD4E41EF1}.Release|x86.Build.0 = Release|Win32
	EndGlobalSection
	GlobalSection(SolutionProperties) = preSolution
		HideSolutionNode = FALSE
	EndGlobalSection
	GlobalSection(ExtensibilityGlobals) = postSolution
		SolutionGuid = {AE6B6796-17C8-4F11-B3A2-85989F464875}
	EndGlobalSection
EndGlobal
