
Microsoft Visual Studio Solution File, Format Version 12.00
# Visual Studio Version 16
VisualStudioVersion = 16.0.30611.23
MinimumVisualStudioVersion = 10.0.40219.1
Project("{8BC9CEB8-8B4A-11D0-8D11-00A0C91BC942}") = "Project217", "Project217.vcxproj", "{9E19C52A-0448-4463-8078-5FD219943D01}"
EndProject
Global
	GlobalSection(SolutionConfigurationPlatforms) = preSolution
		Debug|x64 = Debug|x64
		Debug|x86 = Debug|x86
		Release|x64 = Release|x64
		Release|x86 = Release|x86
	EndGlobalSection
	GlobalSection(ProjectConfigurationPlatforms) = postSolution
		{9E19C52A-0448-4463-8078-5FD219943D01}.Debug|x64.ActiveCfg = Debug|x64
		{9E19C52A-0448-4463-8078-5FD219943D01}.Debug|x64.Build.0 = Debug|x64
		{9E19C52A-0448-4463-8078-5FD219943D01}.Debug|x86.ActiveCfg = Debug|Win32
		{9E19C52A-0448-4463-8078-5FD219943D01}.Debug|x86.Build.0 = Debug|Win32
		{9E19C52A-0448-4463-8078-5FD219943D01}.Release|x64.ActiveCfg = Release|x64
		{9E19C52A-0448-4463-8078-5FD219943D01}.Release|x64.Build.0 = Release|x64
		{9E19C52A-0448-4463-8078-5FD219943D01}.Release|x86.ActiveCfg = Release|Win32
		{9E19C52A-0448-4463-8078-5FD219943D01}.Release|x86.Build.0 = Release|Win32
	EndGlobalSection
	GlobalSection(SolutionProperties) = preSolution
		HideSolutionNode = FALSE
	EndGlobalSection
	GlobalSection(ExtensibilityGlobals) = postSolution
		SolutionGuid = {0CFC18B3-CCA8-4A92-8758-6D525406B2DD}
	EndGlobalSection
EndGlobal
